
Microsoft Visual Studio Solution File, Format Version 12.00
Project("{FAE04EC0-301F-11D3-BF4B-00C04F79EFBC}") = "CodingEventsAPI", "CodingEventsAPI\CodingEventsAPI.csproj", "{DB051B39-347A-486D-BADC-F02ACCC0977B}"
EndProject
Global
	GlobalSection(SolutionConfigurationPlatforms) = preSolution
		Debug|Any CPU = Debug|Any CPU
		Release|Any CPU = Release|Any CPU
	EndGlobalSection
	GlobalSection(ProjectConfigurationPlatforms) = postSolution
		{DB051B39-347A-486D-BADC-F02ACCC0977B}.Debug|Any CPU.ActiveCfg = Debug|Any CPU
		{DB051B39-347A-486D-BADC-F02ACCC0977B}.Debug|Any CPU.Build.0 = Debug|Any CPU
		{DB051B39-347A-486D-BADC-F02ACCC0977B}.Release|Any CPU.ActiveCfg = Release|Any CPU
		{DB051B39-347A-486D-BADC-F02ACCC0977B}.Release|Any CPU.Build.0 = Release|Any CPU
	EndGlobalSection
EndGlobal
